github.com/go-session/session v3.1.2+incompatible h1:yStchEObKg4nk2F7JGE7KoFIrA/1Y078peagMWcrncg=
github.com/go-session/session v3.1.2+incompatible/go.mod h1:8B3iivBQjrz/JtC68Np2T1yBBLxTan3mn/3OM0CyRt0=
github.com/gorilla/securecookie v1.1.1 h1:miw7JPhV+b/lAHSXz4qd/nN9jRiAFV5FwjeKyCS8BvQ=
github.com/gorilla/securecookie v1.1.1/go.mod h1:ra0sb63/xPlUeL+yeDciTfxMRAA+MP+HVt/4epWDjd4=
github.com/gorilla/sessions v1.2.1 h1:DHd3rPN5lE3Ts3D8rKkQ8x/0kqfeNmBAaiSi+o7FsgI=
github.com/gorilla/sessions v1.2.1/go.mod h1:dk2InVEVJ0sfLlnXv9EAgkf6ecYs/i80K/zI+bUmuGM=